
Microsoft Visual Studio Solution File, Format Version 12.00
# Visual Studio Version 17
VisualStudioVersion = 17.6.33815.320
MinimumVisualStudioVersion = 10.0.40219.1
Project("{FAE04EC0-301F-11D3-BF4B-00C04F79EFBC}") = "Luong(nhan vien)", "Luong(nhan vien).csproj", "{FF23194E-7B94-4FC1-891D-85AB440FC7F8}"
EndProject
Global
	GlobalSection(SolutionConfigurationPlatforms) = preSolution
		Debug|Any CPU = Debug|Any CPU
		Release|Any CPU = Release|Any CPU
	EndGlobalSection
	GlobalSection(ProjectConfigurationPlatforms) = postSolution
		{FF23194E-7B94-4FC1-891D-85AB440FC7F8}.Debug|Any CPU.ActiveCfg = Debug|Any CPU
		{FF23194E-7B94-4FC1-891D-85AB440FC7F8}.Debug|Any CPU.Build.0 = Debug|Any CPU
		{FF23194E-7B94-4FC1-891D-85AB440FC7F8}.Release|Any CPU.ActiveCfg = Release|Any CPU
		{FF23194E-7B94-4FC1-891D-85AB440FC7F8}.Release|Any CPU.Build.0 = Release|Any CPU
	EndGlobalSection
	GlobalSection(SolutionProperties) = preSolution
		HideSolutionNode = FALSE
	EndGlobalSection
	GlobalSection(ExtensibilityGlobals) = postSolution
		SolutionGuid = {3B4E49E8-ABB1-4634-B9D1-1E6BDA10CE40}
	EndGlobalSection
EndGlobal
