
Microsoft Visual Studio Solution File, Format Version 12.00
# Visual Studio Version 17
VisualStudioVersion = 17.6.33815.320
MinimumVisualStudioVersion = 10.0.40219.1
Project("{FAE04EC0-301F-11D3-BF4B-00C04F79EFBC}") = "BaiLon", "BaiLon\BaiLon.csproj", "{20EA9F72-B1E0-4EFC-8B5A-B255A0047175}"
EndProject
Global
	GlobalSection(SolutionConfigurationPlatforms) = preSolution
		Debug|Any CPU = Debug|Any CPU
		Release|Any CPU = Release|Any CPU
	EndGlobalSection
	GlobalSection(ProjectConfigurationPlatforms) = postSolution
		{20EA9F72-B1E0-4EFC-8B5A-B255A0047175}.Debug|Any CPU.ActiveCfg = Debug|Any CPU
		{20EA9F72-B1E0-4EFC-8B5A-B255A0047175}.Debug|Any CPU.Build.0 = Debug|Any CPU
		{20EA9F72-B1E0-4EFC-8B5A-B255A0047175}.Release|Any CPU.ActiveCfg = Release|Any CPU
		{20EA9F72-B1E0-4EFC-8B5A-B255A0047175}.Release|Any CPU.Build.0 = Release|Any CPU
	EndGlobalSection
	GlobalSection(SolutionProperties) = preSolution
		HideSolutionNode = FALSE
	EndGlobalSection
	GlobalSection(ExtensibilityGlobals) = postSolution
		SolutionGuid = {A935390F-06D0-4F8F-B086-7B7AB9FAB56C}
	EndGlobalSection
EndGlobal
